
Microsoft Visual Studio Solution File, Format Version 12.00
# Visual Studio Version 17
VisualStudioVersion = 17.14.36203.30 d17.14
MinimumVisualStudioVersion = 10.0.40219.1
Project("{FAE04EC0-301F-11D3-BF4B-00C04F79EFBC}") = "Asteroids", "Asteroids.csproj", "{A6506909-CB12-4BAC-9C8A-BDB2C8E28C0A}"
EndProject
Global
	GlobalSection(SolutionConfigurationPlatforms) = preSolution
		Debug|Any CPU = Debug|Any CPU
		Release|Any CPU = Release|Any CPU
	EndGlobalSection
	GlobalSection(ProjectConfigurationPlatforms) = postSolution
		{A6506909-CB12-4BAC-9C8A-BDB2C8E28C0A}.Debug|Any CPU.ActiveCfg = Debug|Any CPU
		{A6506909-CB12-4BAC-9C8A-BDB2C8E28C0A}.Debug|Any CPU.Build.0 = Debug|Any CPU
		{A6506909-CB12-4BAC-9C8A-BDB2C8E28C0A}.Release|Any CPU.ActiveCfg = Release|Any CPU
		{A6506909-CB12-4BAC-9C8A-BDB2C8E28C0A}.Release|Any CPU.Build.0 = Release|Any CPU
	EndGlobalSection
	GlobalSection(SolutionProperties) = preSolution
		HideSolutionNode = FALSE
	EndGlobalSection
	GlobalSection(ExtensibilityGlobals) = postSolution
		SolutionGuid = {ED28B6DB-4D87-4A17-9C34-B4A86D69BAAE}
	EndGlobalSection
EndGlobal
